
Microsoft Visual Studio Solution File, Format Version 12.00
# Visual Studio Version 16
VisualStudioVersion = 16.0.29613.14
MinimumVisualStudioVersion = 10.0.40219.1
Project("{9A19103F-16F7-4668-BE54-9A1E7A4F7556}") = "ClassLibrary2.Sdk", "src\ClassLibrary2.Sdk\ClassLibrary2.Sdk.csproj", "{BDE717DF-8AE4-4EC3-9E75-D196453D479B}"
EndProject
Project("{2150E333-8FDC-42A3-9474-1A3956D46DE8}") = "src", "src", "{F4D6F5EB-033B-465A-A03E-2A7C589FEDEA}"
EndProject
Global
	GlobalSection(SolutionConfigurationPlatforms) = preSolution
		Debug|Any CPU = Debug|Any CPU
		Release|Any CPU = Release|Any CPU
	EndGlobalSection
	GlobalSection(ProjectConfigurationPlatforms) = postSolution
		{BDE717DF-8AE4-4EC3-9E75-D196453D479B}.Debug|Any CPU.ActiveCfg = Debug|Any CPU
		{BDE717DF-8AE4-4EC3-9E75-D196453D479B}.Debug|Any CPU.Build.0 = Debug|Any CPU
		{BDE717DF-8AE4-4EC3-9E75-D196453D479B}.Release|Any CPU.ActiveCfg = Release|Any CPU
		{BDE717DF-8AE4-4EC3-9E75-D196453D479B}.Release|Any CPU.Build.0 = Release|Any CPU
	EndGlobalSection
	GlobalSection(SolutionProperties) = preSolution
		HideSolutionNode = FALSE
	EndGlobalSection
	GlobalSection(NestedProjects) = preSolution
		{BDE717DF-8AE4-4EC3-9E75-D196453D479B} = {F4D6F5EB-033B-465A-A03E-2A7C589FEDEA}
	EndGlobalSection
	GlobalSection(ExtensibilityGlobals) = postSolution
		SolutionGuid = {356BC4BE-44EB-40A8-A14A-B7BBC2E27A41}
	EndGlobalSection
EndGlobal
